<?xml version="1.0" encoding="utf-8"?>
<Project ToolsVersion="4.0" xmlns="http://schemas.microsoft.com/developer/msbuild/2003">
  <ItemGroup>
    <Filter Include="Source Files">
      <UniqueIdentifier>{4FC737F1-C7A5-4376-A066-2A32D752A2FF}</UniqueIdentifier>
      <Extensions>cpp;c;cc;cxx;c++;cppm;ixx;def;odl;idl;hpj;bat;asm;asmx</Extensions>
    </Filter>
    <Filter Include="Header Files">
      <UniqueIdentifier>{93995380-89BD-4b04-88EB-625FBE52EBFB}</UniqueIdentifier>
      <Extensions>h;hh;hpp;hxx;h++;hm;inl;inc;ipp;xsd</Extensions>
    </Filter>
    <Filter Include="Resource Files">
      <UniqueIdentifier>{67DA6AB6-F800-4c08-8B7A-83BB121AAD01}</UniqueIdentifier>
      <Extensions>rc;ico;cur;bmp;dlg;rc2;rct;bin;rgs;gif;jpg;jpeg;jpe;resx;tiff;tif;png;wav;mfcribbon-ms</Extensions>
    </Filter>
    <Filter Include="Header Files\Core">
      <UniqueIdentifier>{77947d7c-c43c-4da1-9e6d-327680eb22c6}</UniqueIdentifier>
    </Filter>
    <Filter Include="Source Files\Core">
      <UniqueIdentifier>{38e75873-8a9b-450d-9b39-76f94f4934a3}</UniqueIdentifier>
    </Filter>
    <Filter Include="Header Files\ImageProcessing">
      <UniqueIdentifier>{165d17b6-8be0-4c9e-b757-228e748d78e2}</UniqueIdentifier>
    </Filter>
    <Filter Include="Header Files\Core\stb">
      <UniqueIdentifier>{de0928bd-83db-4152-b27e-8b86bb57219e}</UniqueIdentifier>
    </Filter>
    <Filter Include="Source Files\Core\stb">
      <UniqueIdentifier>{6d7f9a86-5c18-461b-8fc7-3c60b69e4514}</UniqueIdentifier>
    </Filter>
    <Filter Include="Source Files\ImageProcessing">
      <UniqueIdentifier>{818d911b-2a60-497e-a89c-e8da5303176f}</UniqueIdentifier>
    </Filter>
  </ItemGroup>
  <ItemGroup>
    <ClInclude Include="..\..\include\DejaVu\DejaVu.hpp">
      <Filter>Header Files</Filter>
    </ClInclude>
    <ClInclude Include="..\..\include\DejaVu\Core\Img.hpp">
      <Filter>Header Files\Core</Filter>
    </ClInclude>
    <ClInclude Include="..\..\include\DejaVu\Core\stb\stb_image.hpp">
      <Filter>Header Files\Core\stb</Filter>
    </ClInclude>
    <ClInclude Include="..\..\include\DejaVu\Core\stb\stb_image_write.hpp">
      <Filter>Header Files\Core\stb</Filter>
    </ClInclude>
    <ClInclude Include="..\..\include\DejaVu\ImageProcessing\Misc.hpp">
      <Filter>Header Files\ImageProcessing</Filter>
    </ClInclude>
    <ClInclude Include="..\..\include\DejaVu\Core\Shape.hpp">
      <Filter>Header Files\Core</Filter>
    </ClInclude>
    <ClInclude Include="..\..\include\DejaVu\ImageProcessing\FeatureDetection.hpp">
      <Filter>Header Files\ImageProcessing</Filter>
    </ClInclude>
    <ClInclude Include="..\..\include\DejaVu\ImageProcessing\Clustering.hpp">
      <Filter>Header Files\ImageProcessing</Filter>
    </ClInclude>
    <ClInclude Include="..\..\include\DejaVu\Core\ImgT.hpp">
      <Filter>Header Files\Core</Filter>
    </ClInclude>
    <ClInclude Include="..\..\include\DejaVu\ImageProcessing\MiscT.hpp">
      <Filter>Header Files\ImageProcessing</Filter>
    </ClInclude>
    <ClInclude Include="..\..\include\DejaVu\ImageProcessing\FeatureDetectionT.hpp">
      <Filter>Header Files\ImageProcessing</Filter>
    </ClInclude>
    <ClInclude Include="..\..\include\DejaVu\ImageProcessing\ClusteringT.hpp">
      <Filter>Header Files\ImageProcessing</Filter>
    </ClInclude>
    <ClInclude Include="..\..\include\DejaVu\Core\Core.hpp">
      <Filter>Header Files\Core</Filter>
    </ClInclude>
    <ClInclude Include="..\..\include\DejaVu\Core\types.hpp">
      <Filter>Header Files\Core</Filter>
    </ClInclude>
    <ClInclude Include="..\..\include\DejaVu\ImageProcessing\ImageProcessing.hpp">
      <Filter>Header Files\ImageProcessing</Filter>
    </ClInclude>
    <ClInclude Include="..\..\include\DejaVu\ImageProcessing\types.hpp">
      <Filter>Header Files\ImageProcessing</Filter>
    </ClInclude>
    <ClInclude Include="..\..\include\DejaVu\Core\ShapeT.hpp">
      <Filter>Header Files\Core</Filter>
    </ClInclude>
  </ItemGroup>
  <ItemGroup>
    <ClCompile Include="..\..\src\DejaVu\Core\Img.cpp">
      <Filter>Source Files\Core</Filter>
    </ClCompile>
    <ClCompile Include="..\..\src\DejaVu\Core\stb\stb_image.cpp">
      <Filter>Source Files\Core\stb</Filter>
    </ClCompile>
    <ClCompile Include="..\..\src\DejaVu\Core\stb\stb_image_write.cpp">
      <Filter>Source Files\Core\stb</Filter>
    </ClCompile>
    <ClCompile Include="..\..\src\DejaVu\Core\Shape.cpp">
      <Filter>Source Files\Core</Filter>
    </ClCompile>
    <ClCompile Include="..\..\src\ImageProcessing\Clustering.cpp">
      <Filter>Source Files\ImageProcessing</Filter>
    </ClCompile>
  </ItemGroup>
</Project>