<?xml version="1.0" encoding="utf-8"?>
<Project ToolsVersion="4.0" xmlns="http://schemas.microsoft.com/developer/msbuild/2003">
  <ItemGroup>
    <Filter Include="Core">
      <UniqueIdentifier>{6ef4902b-3e2b-478b-abdb-975619c8eff6}</UniqueIdentifier>
    </Filter>
    <Filter Include="Processing">
      <UniqueIdentifier>{79af6bb2-5628-4377-b1b0-7f13681ae7c2}</UniqueIdentifier>
    </Filter>
    <Filter Include="Core\templates">
      <UniqueIdentifier>{5fc464ae-030d-4847-bbcd-58f04ce197e2}</UniqueIdentifier>
    </Filter>
    <Filter Include="Processing\templates">
      <UniqueIdentifier>{108b6f4e-83aa-4728-9189-1f8973c81bb6}</UniqueIdentifier>
    </Filter>
  </ItemGroup>
  <ItemGroup>
    <ClInclude Include="$(MSBuildThisFileDirectory)..\..\include\DejaVu\Core\Core.hpp">
      <Filter>Core</Filter>
    </ClInclude>
    <ClInclude Include="$(MSBuildThisFileDirectory)..\..\include\DejaVu\Core\CoreDecl.hpp">
      <Filter>Core</Filter>
    </ClInclude>
    <ClInclude Include="$(MSBuildThisFileDirectory)..\..\include\DejaVu\Core\CoreTypes.hpp">
      <Filter>Core</Filter>
    </ClInclude>
    <ClInclude Include="$(MSBuildThisFileDirectory)..\..\include\DejaVu\Core\Image.hpp">
      <Filter>Core</Filter>
    </ClInclude>
    <ClInclude Include="$(MSBuildThisFileDirectory)..\..\include\DejaVu\Core\Pixel.hpp">
      <Filter>Core</Filter>
    </ClInclude>
    <ClInclude Include="$(MSBuildThisFileDirectory)..\..\include\DejaVu\Core\Shape.hpp">
      <Filter>Core</Filter>
    </ClInclude>
    <ClInclude Include="$(MSBuildThisFileDirectory)..\..\include\DejaVu\Core\templates\Image.hpp">
      <Filter>Core\templates</Filter>
    </ClInclude>
    <ClInclude Include="$(MSBuildThisFileDirectory)..\..\include\DejaVu\Core\templates\Pixel.hpp">
      <Filter>Core\templates</Filter>
    </ClInclude>
    <ClInclude Include="$(MSBuildThisFileDirectory)..\..\include\DejaVu\Core\templates\Shape.hpp">
      <Filter>Core\templates</Filter>
    </ClInclude>
    <ClInclude Include="$(MSBuildThisFileDirectory)..\..\include\DejaVu\Processing\PrImage.hpp">
      <Filter>Processing</Filter>
    </ClInclude>
    <ClInclude Include="$(MSBuildThisFileDirectory)..\..\include\DejaVu\Processing\Processing.hpp">
      <Filter>Processing</Filter>
    </ClInclude>
    <ClInclude Include="$(MSBuildThisFileDirectory)..\..\include\DejaVu\Processing\ProcessingDecl.hpp">
      <Filter>Processing</Filter>
    </ClInclude>
    <ClInclude Include="$(MSBuildThisFileDirectory)..\..\include\DejaVu\Processing\ProcessingTypes.hpp">
      <Filter>Processing</Filter>
    </ClInclude>
    <ClInclude Include="$(MSBuildThisFileDirectory)..\..\include\DejaVu\Processing\templates\PrImage.hpp">
      <Filter>Processing\templates</Filter>
    </ClInclude>
    <ClInclude Include="$(MSBuildThisFileDirectory)..\..\include\DejaVu\DejaVu.hpp" />
    <ClInclude Include="$(MSBuildThisFileDirectory)..\..\include\DejaVu\DejaVuDecl.hpp" />
    <ClInclude Include="$(MSBuildThisFileDirectory)..\..\include\DejaVu\DejaVuTypes.hpp" />
  </ItemGroup>
</Project>